
Microsoft Visual Studio Solution File, Format Version 12.00
# Visual Studio Version 17
VisualStudioVersion = 17.1.32421.90
MinimumVisualStudioVersion = 10.0.40219.1
Project("{FAE04EC0-301F-11D3-BF4B-00C04F79EFBC}") = "evp", "evp.csproj", "{3CA1BEF9-B358-43EC-9812-01DBFDEBE375}"
EndProject
Global
	GlobalSection(SolutionConfigurationPlatforms) = preSolution
		Debug|Any CPU = Debug|Any CPU
		Release|Any CPU = Release|Any CPU
	EndGlobalSection
	GlobalSection(ProjectConfigurationPlatforms) = postSolution
		{3CA1BEF9-B358-43EC-9812-01DBFDEBE375}.Debug|Any CPU.ActiveCfg = Debug|Any CPU
		{3CA1BEF9-B358-43EC-9812-01DBFDEBE375}.Debug|Any CPU.Build.0 = Debug|Any CPU
		{3CA1BEF9-B358-43EC-9812-01DBFDEBE375}.Release|Any CPU.ActiveCfg = Release|Any CPU
		{3CA1BEF9-B358-43EC-9812-01DBFDEBE375}.Release|Any CPU.Build.0 = Release|Any CPU
	EndGlobalSection
	GlobalSection(SolutionProperties) = preSolution
		HideSolutionNode = FALSE
	EndGlobalSection
	GlobalSection(ExtensibilityGlobals) = postSolution
		SolutionGuid = {16863C2D-5BFC-4EE0-9599-AF00FEABD521}
	EndGlobalSection
EndGlobal
